{
  "name": "acorn",
  "version": "8.15.0",
  "lockfileVersion": 3,
  "requires": true,
  "packages": {
    "": {
      "name": "acorn",
      "version": "8.15.0",
      "license": "MIT",
      "bin": {
        "acorn": "bin/acorn"
      },
      "engines": {
        "node": ">=0.4.0"
      }
    }
  }
}
