{
  "name": "acorn-loose",
  "version": "8.5.2",
  "lockfileVersion": 3,
  "requires": true,
  "packages": {
    "": {
      "name": "acorn-loose",
      "version": "8.5.2",
      "license": "MIT",
      "dependencies": {
        "acorn": "^8.15.0"
      },
      "engines": {
        "node": ">=0.4.0"
      }
    },
    "../acorn": {
      "version": "8.15.0",
      "license": "MIT",
      "bin": {
        "acorn": "bin/acorn"
      },
      "engines": {
        "node": ">=0.4.0"
      }
    },
    "node_modules/acorn": {
      "resolved": "../acorn",
      "link": true
    }
  }
}
